// !$*UTF8*$!
{
	archiveVersion = 1;
	classes = {
	};
	objectVersion = 50;
	objects = {

/* Begin PBXBuildFile section */
		FA84507C24802C5200A6FDFF /* AppDelegate.swift in Sources */ = {isa = PBXBuildFile; fileRef = FA84507B24802C5200A6FDFF /* AppDelegate.swift */; };
		FA84507E24802C5200A6FDFF /* SceneDelegate.swift in Sources */ = {isa = PBXBuildFile; fileRef = FA84507D24802C5200A6FDFF /* SceneDelegate.swift */; };
		FA84508024802C5200A6FDFF /* HomeVC.swift in Sources */ = {isa = PBXBuildFile; fileRef = FA84507F24802C5200A6FDFF /* HomeVC.swift */; };
		FA84508324802C5200A6FDFF /* Main.storyboard in Resources */ = {isa = PBXBuildFile; fileRef = FA84508124802C5200A6FDFF /* Main.storyboard */; };
		FA84508524802C5700A6FDFF /* Assets.xcassets in Resources */ = {isa = PBXBuildFile; fileRef = FA84508424802C5700A6FDFF /* Assets.xcassets */; };
		FA84508824802C5700A6FDFF /* LaunchScreen.storyboard in Resources */ = {isa = PBXBuildFile; fileRef = FA84508624802C5700A6FDFF /* LaunchScreen.storyboard */; };
		FA84509524802FA600A6FDFF /* Segoe UI Italic.ttf in Resources */ = {isa = PBXBuildFile; fileRef = FA84509124802FA600A6FDFF /* Segoe UI Italic.ttf */; };
		FA84509624802FA600A6FDFF /* Segoe UI.ttf in Resources */ = {isa = PBXBuildFile; fileRef = FA84509224802FA600A6FDFF /* Segoe UI.ttf */; };
		FA84509724802FA600A6FDFF /* Segoe UI Bold.ttf in Resources */ = {isa = PBXBuildFile; fileRef = FA84509324802FA600A6FDFF /* Segoe UI Bold.ttf */; };
		FA84509824802FA600A6FDFF /* Segoe UI Bold Italic.ttf in Resources */ = {isa = PBXBuildFile; fileRef = FA84509424802FA600A6FDFF /* Segoe UI Bold Italic.ttf */; };
		FA84509A2480416F00A6FDFF /* ResultVC.swift in Sources */ = {isa = PBXBuildFile; fileRef = FA8450992480416F00A6FDFF /* ResultVC.swift */; };
		FA84509D248045E600A6FDFF /* HttpUtility.swift in Sources */ = {isa = PBXBuildFile; fileRef = FA84509C248045E600A6FDFF /* HttpUtility.swift */; };
		FA84509F2480477E00A6FDFF /* searchSong.swift in Sources */ = {isa = PBXBuildFile; fileRef = FA84509E2480477E00A6FDFF /* searchSong.swift */; };
		FA8450A1248047E000A6FDFF /* searchRequest.swift in Sources */ = {isa = PBXBuildFile; fileRef = FA8450A0248047E000A6FDFF /* searchRequest.swift */; };
		FA8450A32480480F00A6FDFF /* searchResponse.swift in Sources */ = {isa = PBXBuildFile; fileRef = FA8450A22480480F00A6FDFF /* searchResponse.swift */; };
/* End PBXBuildFile section */

/* Begin PBXFileReference section */
		FA84507824802C5200A6FDFF /* listenMe.app */ = {isa = PBXFileReference; explicitFileType = wrapper.application; includeInIndex = 0; path = listenMe.app; sourceTree = BUILT_PRODUCTS_DIR; };
		FA84507B24802C5200A6FDFF /* AppDelegate.swift */ = {isa = PBXFileReference; lastKnownFileType = sourcecode.swift; path = AppDelegate.swift; sourceTree = "<group>"; };
		FA84507D24802C5200A6FDFF /* SceneDelegate.swift */ = {isa = PBXFileReference; lastKnownFileType = sourcecode.swift; path = SceneDelegate.swift; sourceTree = "<group>"; };
		FA84507F24802C5200A6FDFF /* HomeVC.swift */ = {isa = PBXFileReference; lastKnownFileType = sourcecode.swift; path = HomeVC.swift; sourceTree = "<group>"; };
		FA84508224802C5200A6FDFF /* Base */ = {isa = PBXFileReference; lastKnownFileType = file.storyboard; name = Base; path = Base.lproj/Main.storyboard; sourceTree = "<group>"; };
		FA84508424802C5700A6FDFF /* Assets.xcassets */ = {isa = PBXFileReference; lastKnownFileType = folder.assetcatalog; path = Assets.xcassets; sourceTree = "<group>"; };
		FA84508724802C5700A6FDFF /* Base */ = {isa = PBXFileReference; lastKnownFileType = file.storyboard; name = Base; path = Base.lproj/LaunchScreen.storyboard; sourceTree = "<group>"; };
		FA84508924802C5700A6FDFF /* Info.plist */ = {isa = PBXFileReference; lastKnownFileType = text.plist.xml; path = Info.plist; sourceTree = "<group>"; };
		FA84509124802FA600A6FDFF /* Segoe UI Italic.ttf */ = {isa = PBXFileReference; lastKnownFileType = file; path = "Segoe UI Italic.ttf"; sourceTree = "<group>"; };
		FA84509224802FA600A6FDFF /* Segoe UI.ttf */ = {isa = PBXFileReference; lastKnownFileType = file; path = "Segoe UI.ttf"; sourceTree = "<group>"; };
		FA84509324802FA600A6FDFF /* Segoe UI Bold.ttf */ = {isa = PBXFileReference; lastKnownFileType = file; path = "Segoe UI Bold.ttf"; sourceTree = "<group>"; };
		FA84509424802FA600A6FDFF /* Segoe UI Bold Italic.ttf */ = {isa = PBXFileReference; lastKnownFileType = file; path = "Segoe UI Bold Italic.ttf"; sourceTree = "<group>"; };
		FA8450992480416F00A6FDFF /* ResultVC.swift */ = {isa = PBXFileReference; lastKnownFileType = sourcecode.swift; path = ResultVC.swift; sourceTree = "<group>"; };
		FA84509C248045E600A6FDFF /* HttpUtility.swift */ = {isa = PBXFileReference; lastKnownFileType = sourcecode.swift; path = HttpUtility.swift; sourceTree = "<group>"; };
		FA84509E2480477E00A6FDFF /* searchSong.swift */ = {isa = PBXFileReference; lastKnownFileType = sourcecode.swift; path = searchSong.swift; sourceTree = "<group>"; };
		FA8450A0248047E000A6FDFF /* searchRequest.swift */ = {isa = PBXFileReference; lastKnownFileType = sourcecode.swift; path = searchRequest.swift; sourceTree = "<group>"; };
		FA8450A22480480F00A6FDFF /* searchResponse.swift */ = {isa = PBXFileReference; lastKnownFileType = sourcecode.swift; path = searchResponse.swift; sourceTree = "<group>"; };
/* End PBXFileReference section */

/* Begin PBXFrameworksBuildPhase section */
		FA84507524802C5200A6FDFF /* Frameworks */ = {
			isa = PBXFrameworksBuildPhase;
			buildActionMask = 2147483647;
			files = (
			);
			runOnlyForDeploymentPostprocessing = 0;
		};
/* End PBXFrameworksBuildPhase section */

/* Begin PBXGroup section */
		FA84506F24802C5200A6FDFF = {
			isa = PBXGroup;
			children = (
				FA84507A24802C5200A6FDFF /* listenMe */,
				FA84507924802C5200A6FDFF /* Products */,
			);
			sourceTree = "<group>";
		};
		FA84507924802C5200A6FDFF /* Products */ = {
			isa = PBXGroup;
			children = (
				FA84507824802C5200A6FDFF /* listenMe.app */,
			);
			name = Products;
			sourceTree = "<group>";
		};
		FA84507A24802C5200A6FDFF /* listenMe */ = {
			isa = PBXGroup;
			children = (
				FA84509B248045CA00A6FDFF /* Resouces */,
				FA84508F24802E9E00A6FDFF /* CustomFont */,
				FA84507B24802C5200A6FDFF /* AppDelegate.swift */,
				FA84507D24802C5200A6FDFF /* SceneDelegate.swift */,
				FA84507F24802C5200A6FDFF /* HomeVC.swift */,
				FA8450992480416F00A6FDFF /* ResultVC.swift */,
				FA84508124802C5200A6FDFF /* Main.storyboard */,
				FA84508424802C5700A6FDFF /* Assets.xcassets */,
				FA84508624802C5700A6FDFF /* LaunchScreen.storyboard */,
				FA84508924802C5700A6FDFF /* Info.plist */,
				FA8450A0248047E000A6FDFF /* searchRequest.swift */,
				FA8450A22480480F00A6FDFF /* searchResponse.swift */,
			);
			path = listenMe;
			sourceTree = "<group>";
		};
		FA84508F24802E9E00A6FDFF /* CustomFont */ = {
			isa = PBXGroup;
			children = (
				FA84509024802FA600A6FDFF /* segoe-ui-4-cufonfonts */,
			);
			path = CustomFont;
			sourceTree = "<group>";
		};
		FA84509024802FA600A6FDFF /* segoe-ui-4-cufonfonts */ = {
			isa = PBXGroup;
			children = (
				FA84509124802FA600A6FDFF /* Segoe UI Italic.ttf */,
				FA84509224802FA600A6FDFF /* Segoe UI.ttf */,
				FA84509324802FA600A6FDFF /* Segoe UI Bold.ttf */,
				FA84509424802FA600A6FDFF /* Segoe UI Bold Italic.ttf */,
			);
			path = "segoe-ui-4-cufonfonts";
			sourceTree = "<group>";
		};
		FA84509B248045CA00A6FDFF /* Resouces */ = {
			isa = PBXGroup;
			children = (
				FA84509C248045E600A6FDFF /* HttpUtility.swift */,
				FA84509E2480477E00A6FDFF /* searchSong.swift */,
			);
			path = Resouces;
			sourceTree = "<group>";
		};
/* End PBXGroup section */

/* Begin PBXNativeTarget section */
		FA84507724802C5200A6FDFF /* listenMe */ = {
			isa = PBXNativeTarget;
			buildConfigurationList = FA84508C24802C5700A6FDFF /* Build configuration list for PBXNativeTarget "listenMe" */;
			buildPhases = (
				FA84507424802C5200A6FDFF /* Sources */,
				FA84507524802C5200A6FDFF /* Frameworks */,
				FA84507624802C5200A6FDFF /* Resources */,
			);
			buildRules = (
			);
			dependencies = (
			);
			name = listenMe;
			productName = listenMe;
			productReference = FA84507824802C5200A6FDFF /* listenMe.app */;
			productType = "com.apple.product-type.application";
		};
/* End PBXNativeTarget section */

/* Begin PBXProject section */
		FA84507024802C5200A6FDFF /* Project object */ = {
			isa = PBXProject;
			attributes = {
				LastSwiftUpdateCheck = 1130;
				LastUpgradeCheck = 1130;
				ORGANIZATIONNAME = SukhmaniKaur;
				TargetAttributes = {
					FA84507724802C5200A6FDFF = {
						CreatedOnToolsVersion = 11.3.1;
					};
				};
			};
			buildConfigurationList = FA84507324802C5200A6FDFF /* Build configuration list for PBXProject "listenMe" */;
			compatibilityVersion = "Xcode 9.3";
			developmentRegion = en;
			hasScannedForEncodings = 0;
			knownRegions = (
				en,
				Base,
			);
			mainGroup = FA84506F24802C5200A6FDFF;
			productRefGroup = FA84507924802C5200A6FDFF /* Products */;
			projectDirPath = "";
			projectRoot = "";
			targets = (
				FA84507724802C5200A6FDFF /* listenMe */,
			);
		};
/* End PBXProject section */

/* Begin PBXResourcesBuildPhase section */
		FA84507624802C5200A6FDFF /* Resources */ = {
			isa = PBXResourcesBuildPhase;
			buildActionMask = 2147483647;
			files = (
				FA84508824802C5700A6FDFF /* LaunchScreen.storyboard in Resources */,
				FA84509724802FA600A6FDFF /* Segoe UI Bold.ttf in Resources */,
				FA84508524802C5700A6FDFF /* Assets.xcassets in Resources */,
				FA84509624802FA600A6FDFF /* Segoe UI.ttf in Resources */,
				FA84509524802FA600A6FDFF /* Segoe UI Italic.ttf in Resources */,
				FA84509824802FA600A6FDFF /* Segoe UI Bold Italic.ttf in Resources */,
				FA84508324802C5200A6FDFF /* Main.storyboard in Resources */,
			);
			runOnlyForDeploymentPostprocessing = 0;
		};
/* End PBXResourcesBuildPhase section */

/* Begin PBXSourcesBuildPhase section */
		FA84507424802C5200A6FDFF /* Sources */ = {
			isa = PBXSourcesBuildPhase;
			buildActionMask = 2147483647;
			files = (
				FA84509D248045E600A6FDFF /* HttpUtility.swift in Sources */,
				FA84508024802C5200A6FDFF /* HomeVC.swift in Sources */,
				FA84509F2480477E00A6FDFF /* searchSong.swift in Sources */,
				FA84509A2480416F00A6FDFF /* ResultVC.swift in Sources */,
				FA8450A32480480F00A6FDFF /* searchResponse.swift in Sources */,
				FA8450A1248047E000A6FDFF /* searchRequest.swift in Sources */,
				FA84507C24802C5200A6FDFF /* AppDelegate.swift in Sources */,
				FA84507E24802C5200A6FDFF /* SceneDelegate.swift in Sources */,
			);
			runOnlyForDeploymentPostprocessing = 0;
		};
/* End PBXSourcesBuildPhase section */

/* Begin PBXVariantGroup section */
		FA84508124802C5200A6FDFF /* Main.storyboard */ = {
			isa = PBXVariantGroup;
			children = (
				FA84508224802C5200A6FDFF /* Base */,
			);
			name = Main.storyboard;
			sourceTree = "<group>";
		};
		FA84508624802C5700A6FDFF /* LaunchScreen.storyboard */ = {
			isa = PBXVariantGroup;
			children = (
				FA84508724802C5700A6FDFF /* Base */,
			);
			name = LaunchScreen.storyboard;
			sourceTree = "<group>";
		};
/* End PBXVariantGroup section */

/* Begin XCBuildConfiguration section */
		FA84508A24802C5700A6FDFF /* Debug */ = {
			isa = XCBuildConfiguration;
			buildSettings = {
				ALWAYS_SEARCH_USER_PATHS = NO;
				CLANG_ANALYZER_NONNULL = YES;
				CLANG_ANALYZER_NUMBER_OBJECT_CONVERSION = YES_AGGRESSIVE;
				CLANG_CXX_LANGUAGE_STANDARD = "gnu++14";
				CLANG_CXX_LIBRARY = "libc++";
				CLANG_ENABLE_MODULES = YES;
				CLANG_ENABLE_OBJC_ARC = YES;
				CLANG_ENABLE_OBJC_WEAK = YES;
				CLANG_WARN_BLOCK_CAPTURE_AUTORELEASING = YES;
				CLANG_WARN_BOOL_CONVERSION = YES;
				CLANG_WARN_COMMA = YES;
				CLANG_WARN_CONSTANT_CONVERSION = YES;
				CLANG_WARN_DEPRECATED_OBJC_IMPLEMENTATIONS = YES;
				CLANG_WARN_DIRECT_OBJC_ISA_USAGE = YES_ERROR;
				CLANG_WARN_DOCUMENTATION_COMMENTS = YES;
				CLANG_WARN_EMPTY_BODY = YES;
				CLANG_WARN_ENUM_CONVERSION = YES;
				CLANG_WARN_INFINITE_RECURSION = YES;
				CLANG_WARN_INT_CONVERSION = YES;
				CLANG_WARN_NON_LITERAL_NULL_CONVERSION = YES;
				CLANG_WARN_OBJC_IMPLICIT_RETAIN_SELF = YES;
				CLANG_WARN_OBJC_LITERAL_CONVERSION = YES;
				CLANG_WARN_OBJC_ROOT_CLASS = YES_ERROR;
				CLANG_WARN_RANGE_LOOP_ANALYSIS = YES;
				CLANG_WARN_STRICT_PROTOTYPES = YES;
				CLANG_WARN_SUSPICIOUS_MOVE = YES;
				CLANG_WARN_UNGUARDED_AVAILABILITY = YES_AGGRESSIVE;
				CLANG_WARN_UNREACHABLE_CODE = YES;
				CLANG_WARN__DUPLICATE_METHOD_MATCH = YES;
				COPY_PHASE_STRIP = NO;
				DEBUG_INFORMATION_FORMAT = dwarf;
				ENABLE_STRICT_OBJC_MSGSEND = YES;
				ENABLE_TESTABILITY = YES;
				GCC_C_LANGUAGE_STANDARD = gnu11;
				GCC_DYNAMIC_NO_PIC = NO;
				GCC_NO_COMMON_BLOCKS = YES;
				GCC_OPTIMIZATION_LEVEL = 0;
				GCC_PREPROCESSOR_DEFINITIONS = (
					"DEBUG=1",
					"$(inherited)",
				);
				GCC_WARN_64_TO_32_BIT_CONVERSION = YES;
				GCC_WARN_ABOUT_RETURN_TYPE = YES_ERROR;
				GCC_WARN_UNDECLARED_SELECTOR = YES;
				GCC_WARN_UNINITIALIZED_AUTOS = YES_AGGRESSIVE;
				GCC_WARN_UNUSED_FUNCTION = YES;
				GCC_WARN_UNUSED_VARIABLE = YES;
				IPHONEOS_DEPLOYMENT_TARGET = 13.2;
				MTL_ENABLE_DEBUG_INFO = INCLUDE_SOURCE;
				MTL_FAST_MATH = YES;
				ONLY_ACTIVE_ARCH = YES;
				SDKROOT = iphoneos;
				SWIFT_ACTIVE_COMPILATION_CONDITIONS = DEBUG;
				SWIFT_OPTIMIZATION_LEVEL = "-Onone";
			};
			name = Debug;
		};
		FA84508B24802C5700A6FDFF /* Release */ = {
			isa = XCBuildConfiguration;
			buildSettings = {
				ALWAYS_SEARCH_USER_PATHS = NO;
				CLANG_ANALYZER_NONNULL = YES;
				CLANG_ANALYZER_NUMBER_OBJECT_CONVERSION = YES_AGGRESSIVE;
				CLANG_CXX_LANGUAGE_STANDARD = "gnu++14";
				CLANG_CXX_LIBRARY = "libc++";
				CLANG_ENABLE_MODULES = YES;
				CLANG_ENABLE_OBJC_ARC = YES;
				CLANG_ENABLE_OBJC_WEAK = YES;
				CLANG_WARN_BLOCK_CAPTURE_AUTORELEASING = YES;
				CLANG_WARN_BOOL_CONVERSION = YES;
				CLANG_WARN_COMMA = YES;
				CLANG_WARN_CONSTANT_CONVERSION = YES;
				CLANG_WARN_DEPRECATED_OBJC_IMPLEMENTATIONS = YES;
				CLANG_WARN_DIRECT_OBJC_ISA_USAGE = YES_ERROR;
				CLANG_WARN_DOCUMENTATION_COMMENTS = YES;
				CLANG_WARN_EMPTY_BODY = YES;
				CLANG_WARN_ENUM_CONVERSION = YES;
				CLANG_WARN_INFINITE_RECURSION = YES;
				CLANG_WARN_INT_CONVERSION = YES;
				CLANG_WARN_NON_LITERAL_NULL_CONVERSION = YES;
				CLANG_WARN_OBJC_IMPLICIT_RETAIN_SELF = YES;
				CLANG_WARN_OBJC_LITERAL_CONVERSION = YES;
				CLANG_WARN_OBJC_ROOT_CLASS = YES_ERROR;
				CLANG_WARN_RANGE_LOOP_ANALYSIS = YES;
				CLANG_WARN_STRICT_PROTOTYPES = YES;
				CLANG_WARN_SUSPICIOUS_MOVE = YES;
				CLANG_WARN_UNGUARDED_AVAILABILITY = YES_AGGRESSIVE;
				CLANG_WARN_UNREACHABLE_CODE = YES;
				CLANG_WARN__DUPLICATE_METHOD_MATCH = YES;
				COPY_PHASE_STRIP = NO;
				DEBUG_INFORMATION_FORMAT = "dwarf-with-dsym";
				ENABLE_NS_ASSERTIONS = NO;
				ENABLE_STRICT_OBJC_MSGSEND = YES;
				GCC_C_LANGUAGE_STANDARD = gnu11;
				GCC_NO_COMMON_BLOCKS = YES;
				GCC_WARN_64_TO_32_BIT_CONVERSION = YES;
				GCC_WARN_ABOUT_RETURN_TYPE = YES_ERROR;
				GCC_WARN_UNDECLARED_SELECTOR = YES;
				GCC_WARN_UNINITIALIZED_AUTOS = YES_AGGRESSIVE;
				GCC_WARN_UNUSED_FUNCTION = YES;
				GCC_WARN_UNUSED_VARIABLE = YES;
				IPHONEOS_DEPLOYMENT_TARGET = 13.2;
				MTL_ENABLE_DEBUG_INFO = NO;
				MTL_FAST_MATH = YES;
				SDKROOT = iphoneos;
				SWIFT_COMPILATION_MODE = wholemodule;
				SWIFT_OPTIMIZATION_LEVEL = "-O";
				VALIDATE_PRODUCT = YES;
			};
			name = Release;
		};
		FA84508D24802C5700A6FDFF /* Debug */ = {
			isa = XCBuildConfiguration;
			buildSettings = {
				ASSETCATALOG_COMPILER_APPICON_NAME = AppIcon;
				CODE_SIGN_STYLE = Automatic;
				DEVELOPMENT_TEAM = 6Q233F3ZPX;
				INFOPLIST_FILE = listenMe/Info.plist;
				IPHONEOS_DEPLOYMENT_TARGET = 12.2;
				LD_RUNPATH_SEARCH_PATHS = (
					"$(inherited)",
					"@executable_path/Frameworks",
				);
				PRODUCT_BUNDLE_IDENTIFIER = com.app.listenMe;
				PRODUCT_NAME = "$(TARGET_NAME)";
				SWIFT_VERSION = 5.0;
				TARGETED_DEVICE_FAMILY = "1,2";
			};
			name = Debug;
		};
		FA84508E24802C5700A6FDFF /* Release */ = {
			isa = XCBuildConfiguration;
			buildSettings = {
				ASSETCATALOG_COMPILER_APPICON_NAME = AppIcon;
				CODE_SIGN_STYLE = Automatic;
				DEVELOPMENT_TEAM = 6Q233F3ZPX;
				INFOPLIST_FILE = listenMe/Info.plist;
				IPHONEOS_DEPLOYMENT_TARGET = 12.2;
				LD_RUNPATH_SEARCH_PATHS = (
					"$(inherited)",
					"@executable_path/Frameworks",
				);
				PRODUCT_BUNDLE_IDENTIFIER = com.app.listenMe;
				PRODUCT_NAME = "$(TARGET_NAME)";
				SWIFT_VERSION = 5.0;
				TARGETED_DEVICE_FAMILY = "1,2";
			};
			name = Release;
		};
/* End XCBuildConfiguration section */

/* Begin XCConfigurationList section */
		FA84507324802C5200A6FDFF /* Build configuration list for PBXProject "listenMe" */ = {
			isa = XCConfigurationList;
			buildConfigurations = (
				FA84508A24802C5700A6FDFF /* Debug */,
				FA84508B24802C5700A6FDFF /* Release */,
			);
			defaultConfigurationIsVisible = 0;
			defaultConfigurationName = Release;
		};
		FA84508C24802C5700A6FDFF /* Build configuration list for PBXNativeTarget "listenMe" */ = {
			isa = XCConfigurationList;
			buildConfigurations = (
				FA84508D24802C5700A6FDFF /* Debug */,
				FA84508E24802C5700A6FDFF /* Release */,
			);
			defaultConfigurationIsVisible = 0;
			defaultConfigurationName = Release;
		};
/* End XCConfigurationList section */
	};
	rootObject = FA84507024802C5200A6FDFF /* Project object */;
}
